
Microsoft Visual Studio Solution File, Format Version 12.00
# Visual Studio Version 17
VisualStudioVersion = 17.8.34322.80
MinimumVisualStudioVersion = 10.0.40219.1
Project("{9A19103F-16F7-4668-BE54-9A1E7A4F7556}") = "AspnetCoreMvcFull", "AspnetCoreMvcFull.csproj", "{966FFB55-6B04-4EE9-B2E4-E02CD1E69237}"
EndProject
Global
	GlobalSection(SolutionConfigurationPlatforms) = preSolution
		Debug|Any CPU = Debug|Any CPU
		Release|Any CPU = Release|Any CPU
	EndGlobalSection
	GlobalSection(ProjectConfigurationPlatforms) = postSolution
		{966FFB55-6B04-4EE9-B2E4-E02CD1E69237}.Debug|Any CPU.ActiveCfg = Debug|Any CPU
		{966FFB55-6B04-4EE9-B2E4-E02CD1E69237}.Debug|Any CPU.Build.0 = Debug|Any CPU
		{966FFB55-6B04-4EE9-B2E4-E02CD1E69237}.Release|Any CPU.ActiveCfg = Release|Any CPU
		{966FFB55-6B04-4EE9-B2E4-E02CD1E69237}.Release|Any CPU.Build.0 = Release|Any CPU
	EndGlobalSection
	GlobalSection(SolutionProperties) = preSolution
		HideSolutionNode = FALSE
	EndGlobalSection
	GlobalSection(ExtensibilityGlobals) = postSolution
		SolutionGuid = {0F815C44-85F4-4EC5-AB9B-C8829174F88F}
	EndGlobalSection
EndGlobal
